# vx.lock - Auto-generated, do not edit manually
# Generated by vx 0.8.0

version = 2

[metadata]
generated_at = "2026-02-16T12:26:02Z"
vx_version = "0.8.0"
platform = "x86_64-pc-windows-msvc"

[tools.just]
version = "1.46.0"
source = "generic"
resolved_from = "latest"
ecosystem = "Generic"
download_url = "https://github.com/casey/just/releases/download/1.46.0/just-1.46.0-x86_64-pc-windows-msvc.zip"

[tools.node]
version = "22.22.0"
source = "node"
resolved_from = "22"
ecosystem = "Node"
download_url = "https://nodejs.org/dist/v22.22.0/node-v22.22.0-win-x64.zip"

[tools.node.metadata]
lts = "true"

[tools.rust]
version = "1.93.1"
source = "rust"
resolved_from = "1.93.1"
ecosystem = "Rust"
